
Microsoft Visual Studio Solution File, Format Version 12.00
# Visual Studio Version 16
VisualStudioVersion = 16.0.30611.23
MinimumVisualStudioVersion = 10.0.40219.1
Project("{FAE04EC0-301F-11D3-BF4B-00C04F79EFBC}") = "WpfDesktopApp", "wpf_desktop_app\WpfDesktopApp\WpfDesktopApp.csproj", "{5724C1BB-7779-491D-BAC8-BBBBAB3FB2C6}"
EndProject
Project("{9A19103F-16F7-4668-BE54-9A1E7A4F7556}") = "PXLPRW2021Team08_API", "api\PXLPRW2021Team08_API\PXLPRW2021Team08_API.csproj", "{D83AA293-4885-420C-BB6F-5F23CBFB1915}"
EndProject
Project("{FAE04EC0-301F-11D3-BF4B-00C04F79EFBC}") = "Data", "Data\Data.csproj", "{C9A2C7BA-BB43-4EA3-B116-BEE9A7359A45}"
EndProject
Global
	GlobalSection(SolutionConfigurationPlatforms) = preSolution
		Debug|Any CPU = Debug|Any CPU
		Release|Any CPU = Release|Any CPU
	EndGlobalSection
	GlobalSection(ProjectConfigurationPlatforms) = postSolution
		{5724C1BB-7779-491D-BAC8-BBBBAB3FB2C6}.Debug|Any CPU.ActiveCfg = Debug|Any CPU
		{5724C1BB-7779-491D-BAC8-BBBBAB3FB2C6}.Debug|Any CPU.Build.0 = Debug|Any CPU
		{5724C1BB-7779-491D-BAC8-BBBBAB3FB2C6}.Release|Any CPU.ActiveCfg = Release|Any CPU
		{5724C1BB-7779-491D-BAC8-BBBBAB3FB2C6}.Release|Any CPU.Build.0 = Release|Any CPU
		{D83AA293-4885-420C-BB6F-5F23CBFB1915}.Debug|Any CPU.ActiveCfg = Debug|Any CPU
		{D83AA293-4885-420C-BB6F-5F23CBFB1915}.Debug|Any CPU.Build.0 = Debug|Any CPU
		{D83AA293-4885-420C-BB6F-5F23CBFB1915}.Release|Any CPU.ActiveCfg = Release|Any CPU
		{D83AA293-4885-420C-BB6F-5F23CBFB1915}.Release|Any CPU.Build.0 = Release|Any CPU
		{C9A2C7BA-BB43-4EA3-B116-BEE9A7359A45}.Debug|Any CPU.ActiveCfg = Debug|Any CPU
		{C9A2C7BA-BB43-4EA3-B116-BEE9A7359A45}.Debug|Any CPU.Build.0 = Debug|Any CPU
		{C9A2C7BA-BB43-4EA3-B116-BEE9A7359A45}.Release|Any CPU.ActiveCfg = Release|Any CPU
		{C9A2C7BA-BB43-4EA3-B116-BEE9A7359A45}.Release|Any CPU.Build.0 = Release|Any CPU
	EndGlobalSection
	GlobalSection(SolutionProperties) = preSolution
		HideSolutionNode = FALSE
	EndGlobalSection
	GlobalSection(ExtensibilityGlobals) = postSolution
		SolutionGuid = {BE37FEDB-72C6-42DA-94C0-5070CCD4DCCE}
	EndGlobalSection
EndGlobal
